// !$*UTF8*$!
{
	archiveVersion = 1;
	classes = {
	};
	objectVersion = 46;
	objects = {

/* Begin PBXBuildFile section */
		AD1EC6751BF5C87D0076BD2E /* main.m in Sources */ = {isa = PBXBuildFile; fileRef = AD1EC6741BF5C87D0076BD2E /* main.m */; };
		AD1EC6781BF5C87D0076BD2E /* AppDelegate.m in Sources */ = {isa = PBXBuildFile; fileRef = AD1EC6771BF5C87D0076BD2E /* AppDelegate.m */; };
		AD1EC67E1BF5C87D0076BD2E /* Main.storyboard in Resources */ = {isa = PBXBuildFile; fileRef = AD1EC67C1BF5C87D0076BD2E /* Main.storyboard */; };
		AD1EC6801BF5C87D0076BD2E /* Assets.xcassets in Resources */ = {isa = PBXBuildFile; fileRef = AD1EC67F1BF5C87D0076BD2E /* Assets.xcassets */; };
		AD1EC6831BF5C87D0076BD2E /* LaunchScreen.storyboard in Resources */ = {isa = PBXBuildFile; fileRef = AD1EC6811BF5C87D0076BD2E /* LaunchScreen.storyboard */; };
		AD1EC68D1BF5C8B30076BD2E /* UIView+SFHidesOnSwipe.m in Sources */ = {isa = PBXBuildFile; fileRef = AD1EC68C1BF5C8B30076BD2E /* UIView+SFHidesOnSwipe.m */; };
		AD3739C81C1035DF009796A8 /* TestViewController.m in Sources */ = {isa = PBXBuildFile; fileRef = AD3739C71C1035DF009796A8 /* TestViewController.m */; };
/* End PBXBuildFile section */

/* Begin PBXFileReference section */
		AD1EC6701BF5C87D0076BD2E /* SFHidesOnSwipe.app */ = {isa = PBXFileReference; explicitFileType = wrapper.application; includeInIndex = 0; path = SFHidesOnSwipe.app; sourceTree = BUILT_PRODUCTS_DIR; };
		AD1EC6741BF5C87D0076BD2E /* main.m */ = {isa = PBXFileReference; lastKnownFileType = sourcecode.c.objc; path = main.m; sourceTree = "<group>"; };
		AD1EC6761BF5C87D0076BD2E /* AppDelegate.h */ = {isa = PBXFileReference; lastKnownFileType = sourcecode.c.h; path = AppDelegate.h; sourceTree = "<group>"; };
		AD1EC6771BF5C87D0076BD2E /* AppDelegate.m */ = {isa = PBXFileReference; lastKnownFileType = sourcecode.c.objc; path = AppDelegate.m; sourceTree = "<group>"; };
		AD1EC67D1BF5C87D0076BD2E /* Base */ = {isa = PBXFileReference; lastKnownFileType = file.storyboard; name = Base; path = Base.lproj/Main.storyboard; sourceTree = "<group>"; };
		AD1EC67F1BF5C87D0076BD2E /* Assets.xcassets */ = {isa = PBXFileReference; lastKnownFileType = folder.assetcatalog; path = Assets.xcassets; sourceTree = "<group>"; };
		AD1EC6821BF5C87D0076BD2E /* Base */ = {isa = PBXFileReference; lastKnownFileType = file.storyboard; name = Base; path = Base.lproj/LaunchScreen.storyboard; sourceTree = "<group>"; };
		AD1EC6841BF5C87D0076BD2E /* Info.plist */ = {isa = PBXFileReference; lastKnownFileType = text.plist.xml; path = Info.plist; sourceTree = "<group>"; };
		AD1EC68B1BF5C8B30076BD2E /* UIView+SFHidesOnSwipe.h */ = {isa = PBXFileReference; fileEncoding = 4; lastKnownFileType = sourcecode.c.h; path = "UIView+SFHidesOnSwipe.h"; sourceTree = "<group>"; };
		AD1EC68C1BF5C8B30076BD2E /* UIView+SFHidesOnSwipe.m */ = {isa = PBXFileReference; fileEncoding = 4; lastKnownFileType = sourcecode.c.objc; path = "UIView+SFHidesOnSwipe.m"; sourceTree = "<group>"; };
		AD3739C61C1035DF009796A8 /* TestViewController.h */ = {isa = PBXFileReference; fileEncoding = 4; lastKnownFileType = sourcecode.c.h; path = TestViewController.h; sourceTree = "<group>"; };
		AD3739C71C1035DF009796A8 /* TestViewController.m */ = {isa = PBXFileReference; fileEncoding = 4; lastKnownFileType = sourcecode.c.objc; path = TestViewController.m; sourceTree = "<group>"; };
/* End PBXFileReference section */

/* Begin PBXFrameworksBuildPhase section */
		AD1EC66D1BF5C87D0076BD2E /* Frameworks */ = {
			isa = PBXFrameworksBuildPhase;
			buildActionMask = 2147483647;
			files = (
			);
			runOnlyForDeploymentPostprocessing = 0;
		};
/* End PBXFrameworksBuildPhase section */

/* Begin PBXGroup section */
		AD1EC6671BF5C87D0076BD2E = {
			isa = PBXGroup;
			children = (
				AD1EC6721BF5C87D0076BD2E /* SFHidesOnSwipe */,
				AD1EC6711BF5C87D0076BD2E /* Products */,
			);
			sourceTree = "<group>";
		};
		AD1EC6711BF5C87D0076BD2E /* Products */ = {
			isa = PBXGroup;
			children = (
				AD1EC6701BF5C87D0076BD2E /* SFHidesOnSwipe.app */,
			);
			name = Products;
			sourceTree = "<group>";
		};
		AD1EC6721BF5C87D0076BD2E /* SFHidesOnSwipe */ = {
			isa = PBXGroup;
			children = (
				AD1EC68A1BF5C89A0076BD2E /* lib */,
				AD1EC6761BF5C87D0076BD2E /* AppDelegate.h */,
				AD1EC6771BF5C87D0076BD2E /* AppDelegate.m */,
				AD3739C61C1035DF009796A8 /* TestViewController.h */,
				AD3739C71C1035DF009796A8 /* TestViewController.m */,
				AD1EC67C1BF5C87D0076BD2E /* Main.storyboard */,
				AD1EC67F1BF5C87D0076BD2E /* Assets.xcassets */,
				AD1EC6811BF5C87D0076BD2E /* LaunchScreen.storyboard */,
				AD1EC6841BF5C87D0076BD2E /* Info.plist */,
				AD1EC6731BF5C87D0076BD2E /* Supporting Files */,
			);
			path = SFHidesOnSwipe;
			sourceTree = "<group>";
		};
		AD1EC6731BF5C87D0076BD2E /* Supporting Files */ = {
			isa = PBXGroup;
			children = (
				AD1EC6741BF5C87D0076BD2E /* main.m */,
			);
			name = "Supporting Files";
			sourceTree = "<group>";
		};
		AD1EC68A1BF5C89A0076BD2E /* lib */ = {
			isa = PBXGroup;
			children = (
				AD1EC68B1BF5C8B30076BD2E /* UIView+SFHidesOnSwipe.h */,
				AD1EC68C1BF5C8B30076BD2E /* UIView+SFHidesOnSwipe.m */,
			);
			path = lib;
			sourceTree = "<group>";
		};
/* End PBXGroup section */

/* Begin PBXNativeTarget section */
		AD1EC66F1BF5C87D0076BD2E /* SFHidesOnSwipe */ = {
			isa = PBXNativeTarget;
			buildConfigurationList = AD1EC6871BF5C87D0076BD2E /* Build configuration list for PBXNativeTarget "SFHidesOnSwipe" */;
			buildPhases = (
				AD1EC66C1BF5C87D0076BD2E /* Sources */,
				AD1EC66D1BF5C87D0076BD2E /* Frameworks */,
				AD1EC66E1BF5C87D0076BD2E /* Resources */,
			);
			buildRules = (
			);
			dependencies = (
			);
			name = SFHidesOnSwipe;
			productName = SFHidesOnSwipe;
			productReference = AD1EC6701BF5C87D0076BD2E /* SFHidesOnSwipe.app */;
			productType = "com.apple.product-type.application";
		};
/* End PBXNativeTarget section */

/* Begin PBXProject section */
		AD1EC6681BF5C87D0076BD2E /* Project object */ = {
			isa = PBXProject;
			attributes = {
				LastUpgradeCheck = 0710;
				ORGANIZATIONNAME = sofach;
				TargetAttributes = {
					AD1EC66F1BF5C87D0076BD2E = {
						CreatedOnToolsVersion = 7.1;
					};
				};
			};
			buildConfigurationList = AD1EC66B1BF5C87D0076BD2E /* Build configuration list for PBXProject "SFHidesOnSwipe" */;
			compatibilityVersion = "Xcode 3.2";
			developmentRegion = English;
			hasScannedForEncodings = 0;
			knownRegions = (
				en,
				Base,
			);
			mainGroup = AD1EC6671BF5C87D0076BD2E;
			productRefGroup = AD1EC6711BF5C87D0076BD2E /* Products */;
			projectDirPath = "";
			projectRoot = "";
			targets = (
				AD1EC66F1BF5C87D0076BD2E /* SFHidesOnSwipe */,
			);
		};
/* End PBXProject section */

/* Begin PBXResourcesBuildPhase section */
		AD1EC66E1BF5C87D0076BD2E /* Resources */ = {
			isa = PBXResourcesBuildPhase;
			buildActionMask = 2147483647;
			files = (
				AD1EC6831BF5C87D0076BD2E /* LaunchScreen.storyboard in Resources */,
				AD1EC6801BF5C87D0076BD2E /* Assets.xcassets in Resources */,
				AD1EC67E1BF5C87D0076BD2E /* Main.storyboard in Resources */,
			);
			runOnlyForDeploymentPostprocessing = 0;
		};
/* End PBXResourcesBuildPhase section */

/* Begin PBXSourcesBuildPhase section */
		AD1EC66C1BF5C87D0076BD2E /* Sources */ = {
			isa = PBXSourcesBuildPhase;
			buildActionMask = 2147483647;
			files = (
				AD1EC68D1BF5C8B30076BD2E /* UIView+SFHidesOnSwipe.m in Sources */,
				AD1EC6781BF5C87D0076BD2E /* AppDelegate.m in Sources */,
				AD1EC6751BF5C87D0076BD2E /* main.m in Sources */,
				AD3739C81C1035DF009796A8 /* TestViewController.m in Sources */,
			);
			runOnlyForDeploymentPostprocessing = 0;
		};
/* End PBXSourcesBuildPhase section */

/* Begin PBXVariantGroup section */
		AD1EC67C1BF5C87D0076BD2E /* Main.storyboard */ = {
			isa = PBXVariantGroup;
			children = (
				AD1EC67D1BF5C87D0076BD2E /* Base */,
			);
			name = Main.storyboard;
			sourceTree = "<group>";
		};
		AD1EC6811BF5C87D0076BD2E /* LaunchScreen.storyboard */ = {
			isa = PBXVariantGroup;
			children = (
				AD1EC6821BF5C87D0076BD2E /* Base */,
			);
			name = LaunchScreen.storyboard;
			sourceTree = "<group>";
		};
/* End PBXVariantGroup section */

/* Begin XCBuildConfiguration section */
		AD1EC6851BF5C87D0076BD2E /* Debug */ = {
			isa = XCBuildConfiguration;
			buildSettings = {
				ALWAYS_SEARCH_USER_PATHS = NO;
				CLANG_CXX_LANGUAGE_STANDARD = "gnu++0x";
				CLANG_CXX_LIBRARY = "libc++";
				CLANG_ENABLE_MODULES = YES;
				CLANG_ENABLE_OBJC_ARC = YES;
				CLANG_WARN_BOOL_CONVERSION = YES;
				CLANG_WARN_CONSTANT_CONVERSION = YES;
				CLANG_WARN_DIRECT_OBJC_ISA_USAGE = YES_ERROR;
				CLANG_WARN_EMPTY_BODY = YES;
				CLANG_WARN_ENUM_CONVERSION = YES;
				CLANG_WARN_INT_CONVERSION = YES;
				CLANG_WARN_OBJC_ROOT_CLASS = YES_ERROR;
				CLANG_WARN_UNREACHABLE_CODE = YES;
				CLANG_WARN__DUPLICATE_METHOD_MATCH = YES;
				"CODE_SIGN_IDENTITY[sdk=iphoneos*]" = "iPhone Developer";
				COPY_PHASE_STRIP = NO;
				DEBUG_INFORMATION_FORMAT = dwarf;
				ENABLE_STRICT_OBJC_MSGSEND = YES;
				ENABLE_TESTABILITY = YES;
				GCC_C_LANGUAGE_STANDARD = gnu99;
				GCC_DYNAMIC_NO_PIC = NO;
				GCC_NO_COMMON_BLOCKS = YES;
				GCC_OPTIMIZATION_LEVEL = 0;
				GCC_PREPROCESSOR_DEFINITIONS = (
					"DEBUG=1",
					"$(inherited)",
				);
				GCC_WARN_64_TO_32_BIT_CONVERSION = YES;
				GCC_WARN_ABOUT_RETURN_TYPE = YES_ERROR;
				GCC_WARN_UNDECLARED_SELECTOR = YES;
				GCC_WARN_UNINITIALIZED_AUTOS = YES_AGGRESSIVE;
				GCC_WARN_UNUSED_FUNCTION = YES;
				GCC_WARN_UNUSED_VARIABLE = YES;
				IPHONEOS_DEPLOYMENT_TARGET = 9.1;
				MTL_ENABLE_DEBUG_INFO = YES;
				ONLY_ACTIVE_ARCH = YES;
				SDKROOT = iphoneos;
			};
			name = Debug;
		};
		AD1EC6861BF5C87D0076BD2E /* Release */ = {
			isa = XCBuildConfiguration;
			buildSettings = {
				ALWAYS_SEARCH_USER_PATHS = NO;
				CLANG_CXX_LANGUAGE_STANDARD = "gnu++0x";
				CLANG_CXX_LIBRARY = "libc++";
				CLANG_ENABLE_MODULES = YES;
				CLANG_ENABLE_OBJC_ARC = YES;
				CLANG_WARN_BOOL_CONVERSION = YES;
				CLANG_WARN_CONSTANT_CONVERSION = YES;
				CLANG_WARN_DIRECT_OBJC_ISA_USAGE = YES_ERROR;
				CLANG_WARN_EMPTY_BODY = YES;
				CLANG_WARN_ENUM_CONVERSION = YES;
				CLANG_WARN_INT_CONVERSION = YES;
				CLANG_WARN_OBJC_ROOT_CLASS = YES_ERROR;
				CLANG_WARN_UNREACHABLE_CODE = YES;
				CLANG_WARN__DUPLICATE_METHOD_MATCH = YES;
				"CODE_SIGN_IDENTITY[sdk=iphoneos*]" = "iPhone Developer";
				COPY_PHASE_STRIP = NO;
				DEBUG_INFORMATION_FORMAT = "dwarf-with-dsym";
				ENABLE_NS_ASSERTIONS = NO;
				ENABLE_STRICT_OBJC_MSGSEND = YES;
				GCC_C_LANGUAGE_STANDARD = gnu99;
				GCC_NO_COMMON_BLOCKS = YES;
				GCC_WARN_64_TO_32_BIT_CONVERSION = YES;
				GCC_WARN_ABOUT_RETURN_TYPE = YES_ERROR;
				GCC_WARN_UNDECLARED_SELECTOR = YES;
				GCC_WARN_UNINITIALIZED_AUTOS = YES_AGGRESSIVE;
				GCC_WARN_UNUSED_FUNCTION = YES;
				GCC_WARN_UNUSED_VARIABLE = YES;
				IPHONEOS_DEPLOYMENT_TARGET = 9.1;
				MTL_ENABLE_DEBUG_INFO = NO;
				SDKROOT = iphoneos;
				VALIDATE_PRODUCT = YES;
			};
			name = Release;
		};
		AD1EC6881BF5C87D0076BD2E /* Debug */ = {
			isa = XCBuildConfiguration;
			buildSettings = {
				ASSETCATALOG_COMPILER_APPICON_NAME = AppIcon;
				INFOPLIST_FILE = SFHidesOnSwipe/Info.plist;
				LD_RUNPATH_SEARCH_PATHS = "$(inherited) @executable_path/Frameworks";
				PRODUCT_BUNDLE_IDENTIFIER = com.sofach.SFHidesOnSwipe;
				PRODUCT_NAME = "$(TARGET_NAME)";
			};
			name = Debug;
		};
		AD1EC6891BF5C87D0076BD2E /* Release */ = {
			isa = XCBuildConfiguration;
			buildSettings = {
				ASSETCATALOG_COMPILER_APPICON_NAME = AppIcon;
				INFOPLIST_FILE = SFHidesOnSwipe/Info.plist;
				LD_RUNPATH_SEARCH_PATHS = "$(inherited) @executable_path/Frameworks";
				PRODUCT_BUNDLE_IDENTIFIER = com.sofach.SFHidesOnSwipe;
				PRODUCT_NAME = "$(TARGET_NAME)";
			};
			name = Release;
		};
/* End XCBuildConfiguration section */

/* Begin XCConfigurationList section */
		AD1EC66B1BF5C87D0076BD2E /* Build configuration list for PBXProject "SFHidesOnSwipe" */ = {
			isa = XCConfigurationList;
			buildConfigurations = (
				AD1EC6851BF5C87D0076BD2E /* Debug */,
				AD1EC6861BF5C87D0076BD2E /* Release */,
			);
			defaultConfigurationIsVisible = 0;
			defaultConfigurationName = Release;
		};
		AD1EC6871BF5C87D0076BD2E /* Build configuration list for PBXNativeTarget "SFHidesOnSwipe" */ = {
			isa = XCConfigurationList;
			buildConfigurations = (
				AD1EC6881BF5C87D0076BD2E /* Debug */,
				AD1EC6891BF5C87D0076BD2E /* Release */,
			);
			defaultConfigurationIsVisible = 0;
			defaultConfigurationName = Release;
		};
/* End XCConfigurationList section */
	};
	rootObject = AD1EC6681BF5C87D0076BD2E /* Project object */;
}
